
Microsoft Visual Studio Solution File, Format Version 12.00
# Visual Studio 15
VisualStudioVersion = 15.0.28307.329
MinimumVisualStudioVersion = 10.0.40219.1
Project("{9A19103F-16F7-4668-BE54-9A1E7A4F7556}") = "NyTO.Test", "NyTO.Test\NyTO.Test.csproj", "{C83B4CFD-2383-4D40-B0A1-F3C560FA8945}"
EndProject
Project("{9A19103F-16F7-4668-BE54-9A1E7A4F7556}") = "NyTO.Library", "NyTO.Library\NyTO.Library.csproj", "{6D802483-5731-4AA8-AFEB-7BE59046918B}"
EndProject
Global
	GlobalSection(SolutionConfigurationPlatforms) = preSolution
		Debug|Any CPU = Debug|Any CPU
		Release|Any CPU = Release|Any CPU
	EndGlobalSection
	GlobalSection(ProjectConfigurationPlatforms) = postSolution
		{C83B4CFD-2383-4D40-B0A1-F3C560FA8945}.Debug|Any CPU.ActiveCfg = Debug|Any CPU
		{C83B4CFD-2383-4D40-B0A1-F3C560FA8945}.Debug|Any CPU.Build.0 = Debug|Any CPU
		{C83B4CFD-2383-4D40-B0A1-F3C560FA8945}.Release|Any CPU.ActiveCfg = Release|Any CPU
		{C83B4CFD-2383-4D40-B0A1-F3C560FA8945}.Release|Any CPU.Build.0 = Release|Any CPU
		{6D802483-5731-4AA8-AFEB-7BE59046918B}.Debug|Any CPU.ActiveCfg = Debug|Any CPU
		{6D802483-5731-4AA8-AFEB-7BE59046918B}.Debug|Any CPU.Build.0 = Debug|Any CPU
		{6D802483-5731-4AA8-AFEB-7BE59046918B}.Release|Any CPU.ActiveCfg = Release|Any CPU
		{6D802483-5731-4AA8-AFEB-7BE59046918B}.Release|Any CPU.Build.0 = Release|Any CPU
	EndGlobalSection
	GlobalSection(SolutionProperties) = preSolution
		HideSolutionNode = FALSE
	EndGlobalSection
	GlobalSection(ExtensibilityGlobals) = postSolution
		SolutionGuid = {FC4E6129-D9A7-44B9-909C-ABA1EDBB8E2A}
	EndGlobalSection
EndGlobal
